
Microsoft Visual Studio Solution File, Format Version 12.00
# Visual Studio Version 16
VisualStudioVersion = 16.0.31025.194
MinimumVisualStudioVersion = 10.0.40219.1
Project("{FAE04EC0-301F-11D3-BF4B-00C04F79EFBC}") = "Photoshop", "Photoshop.csproj", "{1E278156-A549-4E5D-B524-FBF3C53E7021}"
EndProject
Project("{FAE04EC0-301F-11D3-BF4B-00C04F79EFBC}") = "Profiler", "..\Profiler\Profiler.csproj", "{7E1C4B67-2CC2-4848-A2F2-EFBCEB8B9444}"
EndProject
Global
	GlobalSection(SolutionConfigurationPlatforms) = preSolution
		Debug|Any CPU = Debug|Any CPU
		Debug|x86 = Debug|x86
		Release|Any CPU = Release|Any CPU
		Release|x86 = Release|x86
	EndGlobalSection
	GlobalSection(ProjectConfigurationPlatforms) = postSolution
		{1E278156-A549-4E5D-B524-FBF3C53E7021}.Debug|Any CPU.ActiveCfg = Debug|x86
		{1E278156-A549-4E5D-B524-FBF3C53E7021}.Debug|x86.ActiveCfg = Debug|x86
		{1E278156-A549-4E5D-B524-FBF3C53E7021}.Debug|x86.Build.0 = Debug|x86
		{1E278156-A549-4E5D-B524-FBF3C53E7021}.Release|Any CPU.ActiveCfg = Release|x86
		{1E278156-A549-4E5D-B524-FBF3C53E7021}.Release|x86.ActiveCfg = Release|x86
		{1E278156-A549-4E5D-B524-FBF3C53E7021}.Release|x86.Build.0 = Release|x86
		{7E1C4B67-2CC2-4848-A2F2-EFBCEB8B9444}.Debug|Any CPU.ActiveCfg = Debug|Any CPU
		{7E1C4B67-2CC2-4848-A2F2-EFBCEB8B9444}.Debug|Any CPU.Build.0 = Debug|Any CPU
		{7E1C4B67-2CC2-4848-A2F2-EFBCEB8B9444}.Debug|x86.ActiveCfg = Debug|Any CPU
		{7E1C4B67-2CC2-4848-A2F2-EFBCEB8B9444}.Debug|x86.Build.0 = Debug|Any CPU
		{7E1C4B67-2CC2-4848-A2F2-EFBCEB8B9444}.Release|Any CPU.ActiveCfg = Release|Any CPU
		{7E1C4B67-2CC2-4848-A2F2-EFBCEB8B9444}.Release|Any CPU.Build.0 = Release|Any CPU
		{7E1C4B67-2CC2-4848-A2F2-EFBCEB8B9444}.Release|x86.ActiveCfg = Release|Any CPU
		{7E1C4B67-2CC2-4848-A2F2-EFBCEB8B9444}.Release|x86.Build.0 = Release|Any CPU
	EndGlobalSection
	GlobalSection(SolutionProperties) = preSolution
		HideSolutionNode = FALSE
	EndGlobalSection
	GlobalSection(ExtensibilityGlobals) = postSolution
		SolutionGuid = {AEB46EDD-F69E-489E-86BD-F9B52AA63A93}
	EndGlobalSection
EndGlobal
